
Microsoft Visual Studio Solution File, Format Version 12.00
# Visual Studio 15
VisualStudioVersion = 15.0.27703.2026
MinimumVisualStudioVersion = 10.0.40219.1
Project("{E24C65DC-7377-472B-9ABA-BC803B73C61A}") = "eakondratiev.github.io", ".", "{37FAE20F-1E8A-44CC-8AB6-908F5ED1EAED}"
	ProjectSection(WebsiteProperties) = preProject
		TargetFrameworkMoniker = ".NETFramework,Version%3Dv4.0"
		Debug.AspNetCompiler.VirtualPath = "/localhost_57263"
		Debug.AspNetCompiler.PhysicalPath = "..\..\..\..\..\..\MyStuff\GitHub\eakondratiev.github.io\"
		Debug.AspNetCompiler.TargetPath = "PrecompiledWeb\localhost_57263\"
		Debug.AspNetCompiler.Updateable = "true"
		Debug.AspNetCompiler.ForceOverwrite = "true"
		Debug.AspNetCompiler.FixedNames = "false"
		Debug.AspNetCompiler.Debug = "True"
		Release.AspNetCompiler.VirtualPath = "/localhost_57263"
		Release.AspNetCompiler.PhysicalPath = "..\..\..\..\..\..\MyStuff\GitHub\eakondratiev.github.io\"
		Release.AspNetCompiler.TargetPath = "PrecompiledWeb\localhost_57263\"
		Release.AspNetCompiler.Updateable = "true"
		Release.AspNetCompiler.ForceOverwrite = "true"
		Release.AspNetCompiler.FixedNames = "false"
		Release.AspNetCompiler.Debug = "False"
		VWDPort = "57263"
	EndProjectSection
EndProject
Global
	GlobalSection(SolutionConfigurationPlatforms) = preSolution
		Debug|Any CPU = Debug|Any CPU
	EndGlobalSection
	GlobalSection(ProjectConfigurationPlatforms) = postSolution
		{37FAE20F-1E8A-44CC-8AB6-908F5ED1EAED}.Debug|Any CPU.ActiveCfg = Debug|Any CPU
		{37FAE20F-1E8A-44CC-8AB6-908F5ED1EAED}.Debug|Any CPU.Build.0 = Debug|Any CPU
	EndGlobalSection
	GlobalSection(SolutionProperties) = preSolution
		HideSolutionNode = FALSE
	EndGlobalSection
	GlobalSection(ExtensibilityGlobals) = postSolution
		SolutionGuid = {FC21E48A-3362-4A85-9ABB-0410695C0254}
	EndGlobalSection
EndGlobal
